
Microsoft Visual Studio Solution File, Format Version 12.00
# Visual Studio Version 17
VisualStudioVersion = 17.9.34607.119
MinimumVisualStudioVersion = 10.0.40219.1
Project("{FAE04EC0-301F-11D3-BF4B-00C04F79EFBC}") = "WinFormsApp1", "WinFormsApp1\WinFormsApp1.csproj", "{250A3E1F-FC08-4B5F-9694-8EBE3E5636A9}"
EndProject
Global
	GlobalSection(SolutionConfigurationPlatforms) = preSolution
		Debug|Any CPU = Debug|Any CPU
		Release|Any CPU = Release|Any CPU
	EndGlobalSection
	GlobalSection(ProjectConfigurationPlatforms) = postSolution
		{250A3E1F-FC08-4B5F-9694-8EBE3E5636A9}.Debug|Any CPU.ActiveCfg = Debug|Any CPU
		{250A3E1F-FC08-4B5F-9694-8EBE3E5636A9}.Debug|Any CPU.Build.0 = Debug|Any CPU
		{250A3E1F-FC08-4B5F-9694-8EBE3E5636A9}.Release|Any CPU.ActiveCfg = Release|Any CPU
		{250A3E1F-FC08-4B5F-9694-8EBE3E5636A9}.Release|Any CPU.Build.0 = Release|Any CPU
	EndGlobalSection
	GlobalSection(SolutionProperties) = preSolution
		HideSolutionNode = FALSE
	EndGlobalSection
	GlobalSection(ExtensibilityGlobals) = postSolution
		SolutionGuid = {E0B83FF5-B149-49AC-B4D8-9A4161B96F26}
	EndGlobalSection
EndGlobal
